<?xml version="1.0" encoding="UTF-8" standalone="yes" ?>
<CodeBlocks_project_file>
	<FileVersion major="1" minor="6" />
	<Project>
		<Option title="Trabalho1" />
		<Option pch_mode="2" />
		<Option compiler="gcc" />
		<Build>
			<Target title="Debug">
				<Option output="bin/Debug/Trabalho1" prefix_auto="1" extension_auto="1" />
				<Option object_output="obj/Debug/" />
				<Option type="1" />
				<Option compiler="gcc" />
				<Compiler>
					<Add option="-g" />
				</Compiler>
			</Target>
			<Target title="Release">
				<Option output="bin/Release/Trabalho1" prefix_auto="1" extension_auto="1" />
				<Option object_output="obj/Release/" />
				<Option type="1" />
				<Option compiler="gcc" />
				<Compiler>
					<Add option="-O2" />
				</Compiler>
				<Linker>
					<Add option="-s" />
				</Linker>
			</Target>
		</Build>
		<Compiler>
			<Add option="-Wall" />
			<Add option="-fexceptions" />
		</Compiler>
		<Unit filename="controladoraEventos.cpp" />
		<Unit filename="controladoraEventos.h" />
		<Unit filename="dominios.cpp" />
		<Unit filename="dominios.h" />
		<Unit filename="entidades.cpp" />
		<Unit filename="entidades.h" />
		<Unit filename="main.cpp" />
		<Extensions>
			<code_completion />
			<envvars />
			<debugger />
			<lib_finder disable_auto="1" />
			<DoxyBlocks>
				<comment_style block="2" line="2" />
				<doxyfile_project output_language="Portuguese" />
				<doxyfile_build extract_all="1" extract_private="1" extract_static="1" />
				<doxyfile_warnings />
				<doxyfile_output />
				<doxyfile_preprocessor enable_preprocessing="0" />
				<doxyfile_dot />
				<general />
			</DoxyBlocks>
		</Extensions>
	</Project>
</CodeBlocks_project_file>
