<?xml version="1.0" encoding="UTF-8" standalone="yes" ?>
<CodeBlocks_project_file>
	<FileVersion major="1" minor="6" />
	<Project>
		<Option title="Trabalho_2" />
		<Option pch_mode="2" />
		<Option compiler="gcc" />
		<Build>
			<Target title="Debug">
				<Option output="bin/Debug/Trabalho_2" prefix_auto="1" extension_auto="1" />
				<Option object_output="obj/Debug/" />
				<Option type="1" />
				<Option compiler="gcc" />
				<Compiler>
					<Add option="-g" />
				</Compiler>
			</Target>
			<Target title="Release">
				<Option output="bin/Release/Trabalho_2" prefix_auto="1" extension_auto="1" />
				<Option object_output="obj/Release/" />
				<Option type="1" />
				<Option compiler="gcc" />
				<Compiler>
					<Add option="-O2" />
				</Compiler>
				<Linker>
					<Add option="-s" />
				</Linker>
			</Target>
		</Build>
		<Compiler>
			<Add option="-Wall" />
			<Add option="-std=c++11" />
			<Add option="-fexceptions" />
			<Add directory="curses" />
			<Add directory="sqlite3" />
		</Compiler>
		<ResourceCompiler>
			<Add directory="curses" />
		</ResourceCompiler>
		<Linker>
			<Add library="curses/pdcurses.lib" />
			<Add library="sqlite3/sqlite3.lib" />
			<Add directory="curses" />
		</Linker>
		<Unit filename="controladoraEventos.cpp" />
		<Unit filename="controladoraEventos.h" />
		<Unit filename="controladoraUsuario.cpp" />
		<Unit filename="controladoraUsuario.h" />
		<Unit filename="curses.h" />
		<Unit filename="dominios.cpp" />
		<Unit filename="dominios.h" />
		<Unit filename="entidades.cpp" />
		<Unit filename="entidades.h" />
		<Unit filename="interfaceUsuario.h" />
		<Unit filename="main.cpp" />
		<Unit filename="sqlite3.h" />
		<Unit filename="stubs.cpp" />
		<Unit filename="stubs.h" />
		<Extensions>
			<code_completion />
			<envvars />
			<debugger />
			<lib_finder disable_auto="1" />
		</Extensions>
	</Project>
</CodeBlocks_project_file>
